
Microsoft Visual Studio Solution File, Format Version 12.00
# Visual Studio 2013
VisualStudioVersion = 12.0.31101.0
MinimumVisualStudioVersion = 10.0.40219.1
Project("{FAE04EC0-301F-11D3-BF4B-00C04F79EFBC}") = "UnbeatableTicTacToeLibrary", "UnbeatableTicTacToeLibrary\UnbeatableTicTacToeLibrary.csproj", "{0E1B997B-D487-421C-86EE-2B009ACE79DB}"
EndProject
Project("{FAE04EC0-301F-11D3-BF4B-00C04F79EFBC}") = "MainConsole", "MainConsole\MainConsole.csproj", "{35965594-EAA6-43BC-B019-8825EA0FDE72}"
EndProject
Global
	GlobalSection(SolutionConfigurationPlatforms) = preSolution
		Debug|Any CPU = Debug|Any CPU
		Release|Any CPU = Release|Any CPU
	EndGlobalSection
	GlobalSection(ProjectConfigurationPlatforms) = postSolution
		{0E1B997B-D487-421C-86EE-2B009ACE79DB}.Debug|Any CPU.ActiveCfg = Debug|Any CPU
		{0E1B997B-D487-421C-86EE-2B009ACE79DB}.Debug|Any CPU.Build.0 = Debug|Any CPU
		{0E1B997B-D487-421C-86EE-2B009ACE79DB}.Release|Any CPU.ActiveCfg = Release|Any CPU
		{0E1B997B-D487-421C-86EE-2B009ACE79DB}.Release|Any CPU.Build.0 = Release|Any CPU
		{35965594-EAA6-43BC-B019-8825EA0FDE72}.Debug|Any CPU.ActiveCfg = Debug|Any CPU
		{35965594-EAA6-43BC-B019-8825EA0FDE72}.Debug|Any CPU.Build.0 = Debug|Any CPU
		{35965594-EAA6-43BC-B019-8825EA0FDE72}.Release|Any CPU.ActiveCfg = Release|Any CPU
		{35965594-EAA6-43BC-B019-8825EA0FDE72}.Release|Any CPU.Build.0 = Release|Any CPU
	EndGlobalSection
	GlobalSection(SolutionProperties) = preSolution
		HideSolutionNode = FALSE
	EndGlobalSection
EndGlobal
